
Microsoft Visual Studio Solution File, Format Version 12.00
# Visual Studio Version 16
VisualStudioVersion = 16.0.29319.158
MinimumVisualStudioVersion = 10.0.40219.1
Project("{FAE04EC0-301F-11D3-BF4B-00C04F79EFBC}") = "AspNetCoreAzureTemplates", "AspNetCoreAzureTemplates\AspNetCoreAzureTemplates.csproj", "{BA10CCD5-E3DE-4346-9054-7FC1FC6D64EB}"
EndProject
Project("{FAE04EC0-301F-11D3-BF4B-00C04F79EFBC}") = "AspNetCoreAzureTemplates.Configuration", "AspNetCoreAzureTemplates.Configuration\AspNetCoreAzureTemplates.Configuration.csproj", "{819618DF-7D95-4DE6-9633-680C93A29EC2}"
EndProject
Project("{FAE04EC0-301F-11D3-BF4B-00C04F79EFBC}") = "AspNetCoreAzureTemplates.MicrosoftGraph", "AspNetCoreAzureTemplates.MicrosoftGraph\AspNetCoreAzureTemplates.MicrosoftGraph.csproj", "{5452C325-EFD8-4C81-B2AD-01C84E9F0554}"
EndProject
Project("{FAE04EC0-301F-11D3-BF4B-00C04F79EFBC}") = "AspNetCoreAzureTemplates.Identity", "AspNetCoreAzureTemplates.Identity\AspNetCoreAzureTemplates.Identity.csproj", "{049B183C-2F74-445F-9817-0652F72792F4}"
EndProject
Global
	GlobalSection(SolutionConfigurationPlatforms) = preSolution
		Debug|Any CPU = Debug|Any CPU
		Release|Any CPU = Release|Any CPU
	EndGlobalSection
	GlobalSection(ProjectConfigurationPlatforms) = postSolution
		{BA10CCD5-E3DE-4346-9054-7FC1FC6D64EB}.Debug|Any CPU.ActiveCfg = Debug|Any CPU
		{BA10CCD5-E3DE-4346-9054-7FC1FC6D64EB}.Debug|Any CPU.Build.0 = Debug|Any CPU
		{BA10CCD5-E3DE-4346-9054-7FC1FC6D64EB}.Release|Any CPU.ActiveCfg = Release|Any CPU
		{BA10CCD5-E3DE-4346-9054-7FC1FC6D64EB}.Release|Any CPU.Build.0 = Release|Any CPU
		{819618DF-7D95-4DE6-9633-680C93A29EC2}.Debug|Any CPU.ActiveCfg = Debug|Any CPU
		{819618DF-7D95-4DE6-9633-680C93A29EC2}.Debug|Any CPU.Build.0 = Debug|Any CPU
		{819618DF-7D95-4DE6-9633-680C93A29EC2}.Release|Any CPU.ActiveCfg = Release|Any CPU
		{819618DF-7D95-4DE6-9633-680C93A29EC2}.Release|Any CPU.Build.0 = Release|Any CPU
		{5452C325-EFD8-4C81-B2AD-01C84E9F0554}.Debug|Any CPU.ActiveCfg = Debug|Any CPU
		{5452C325-EFD8-4C81-B2AD-01C84E9F0554}.Debug|Any CPU.Build.0 = Debug|Any CPU
		{5452C325-EFD8-4C81-B2AD-01C84E9F0554}.Release|Any CPU.ActiveCfg = Release|Any CPU
		{5452C325-EFD8-4C81-B2AD-01C84E9F0554}.Release|Any CPU.Build.0 = Release|Any CPU
		{049B183C-2F74-445F-9817-0652F72792F4}.Debug|Any CPU.ActiveCfg = Debug|Any CPU
		{049B183C-2F74-445F-9817-0652F72792F4}.Debug|Any CPU.Build.0 = Debug|Any CPU
		{049B183C-2F74-445F-9817-0652F72792F4}.Release|Any CPU.ActiveCfg = Release|Any CPU
		{049B183C-2F74-445F-9817-0652F72792F4}.Release|Any CPU.Build.0 = Release|Any CPU
	EndGlobalSection
	GlobalSection(SolutionProperties) = preSolution
		HideSolutionNode = FALSE
	EndGlobalSection
	GlobalSection(ExtensibilityGlobals) = postSolution
		SolutionGuid = {D562EC8D-BCF0-4003-A8A9-D595158DFDF9}
	EndGlobalSection
EndGlobal
